
Microsoft Visual Studio Solution File, Format Version 12.00
# Visual Studio Version 17
VisualStudioVersion = 17.12.35707.178 d17.12
MinimumVisualStudioVersion = 10.0.40219.1
Project("{FAE04EC0-301F-11D3-BF4B-00C04F79EFBC}") = "AbacusInstructionMachineProcessor", "AbacusInstructionMachineProcessor\AbacusInstructionMachineProcessor.csproj", "{1C428246-7BE7-481E-B00F-8133EBACD529}"
EndProject
Project("{FAE04EC0-301F-11D3-BF4B-00C04F79EFBC}") = "AIMP.CLI", "AIMP.CLI\AIMP.CLI.csproj", "{78B74297-D277-4B61-B203-8EF1686099E3}"
EndProject
Global
	GlobalSection(SolutionConfigurationPlatforms) = preSolution
		Debug|Any CPU = Debug|Any CPU
		Release|Any CPU = Release|Any CPU
	EndGlobalSection
	GlobalSection(ProjectConfigurationPlatforms) = postSolution
		{1C428246-7BE7-481E-B00F-8133EBACD529}.Debug|Any CPU.ActiveCfg = Debug|Any CPU
		{1C428246-7BE7-481E-B00F-8133EBACD529}.Debug|Any CPU.Build.0 = Debug|Any CPU
		{1C428246-7BE7-481E-B00F-8133EBACD529}.Release|Any CPU.ActiveCfg = Release|Any CPU
		{1C428246-7BE7-481E-B00F-8133EBACD529}.Release|Any CPU.Build.0 = Release|Any CPU
		{78B74297-D277-4B61-B203-8EF1686099E3}.Debug|Any CPU.ActiveCfg = Debug|Any CPU
		{78B74297-D277-4B61-B203-8EF1686099E3}.Debug|Any CPU.Build.0 = Debug|Any CPU
		{78B74297-D277-4B61-B203-8EF1686099E3}.Release|Any CPU.ActiveCfg = Release|Any CPU
		{78B74297-D277-4B61-B203-8EF1686099E3}.Release|Any CPU.Build.0 = Release|Any CPU
	EndGlobalSection
	GlobalSection(SolutionProperties) = preSolution
		HideSolutionNode = FALSE
	EndGlobalSection
EndGlobal
